
Microsoft Visual Studio Solution File, Format Version 12.00
# Visual Studio 15
VisualStudioVersion = 15.0.27130.2020
MinimumVisualStudioVersion = 10.0.40219.1
Project("{FAE04EC0-301F-11D3-BF4B-00C04F79EFBC}") = "ConsolePrueba", "ConsolePrueba\ConsolePrueba.csproj", "{EE5D252B-3F6E-4A91-993F-A157D7E4E3F4}"
EndProject
Global
	GlobalSection(SolutionConfigurationPlatforms) = preSolution
		Debug|Any CPU = Debug|Any CPU
		Release|Any CPU = Release|Any CPU
	EndGlobalSection
	GlobalSection(ProjectConfigurationPlatforms) = postSolution
		{EE5D252B-3F6E-4A91-993F-A157D7E4E3F4}.Debug|Any CPU.ActiveCfg = Debug|Any CPU
		{EE5D252B-3F6E-4A91-993F-A157D7E4E3F4}.Debug|Any CPU.Build.0 = Debug|Any CPU
		{EE5D252B-3F6E-4A91-993F-A157D7E4E3F4}.Release|Any CPU.ActiveCfg = Release|Any CPU
		{EE5D252B-3F6E-4A91-993F-A157D7E4E3F4}.Release|Any CPU.Build.0 = Release|Any CPU
	EndGlobalSection
	GlobalSection(SolutionProperties) = preSolution
		HideSolutionNode = FALSE
	EndGlobalSection
	GlobalSection(ExtensibilityGlobals) = postSolution
		SolutionGuid = {A8CF5617-000F-4F49-BC85-C58F50F222F8}
	EndGlobalSection
EndGlobal
